
Microsoft Visual Studio Solution File, Format Version 12.00
# Visual Studio 2013
VisualStudioVersion = 12.0.40629.0
MinimumVisualStudioVersion = 10.0.40219.1
Project("{E24C65DC-7377-472B-9ABA-BC803B73C61A}") = "ClaimsService", "http://localhost:64705", "{570610A6-E50F-429F-A296-92358FA16DA0}"
	ProjectSection(WebsiteProperties) = preProject
		UseIISExpress = "true"
		TargetFrameworkMoniker = ".NETFramework,Version%3Dv4.5"
		Debug.AspNetCompiler.VirtualPath = "/localhost_64705"
		Debug.AspNetCompiler.PhysicalPath = "ClaimsService\"
		Debug.AspNetCompiler.TargetPath = "PrecompiledWeb\localhost_64705\"
		Debug.AspNetCompiler.Updateable = "true"
		Debug.AspNetCompiler.ForceOverwrite = "true"
		Debug.AspNetCompiler.FixedNames = "false"
		Debug.AspNetCompiler.Debug = "True"
		Release.AspNetCompiler.VirtualPath = "/localhost_64705"
		Release.AspNetCompiler.PhysicalPath = "ClaimsService\"
		Release.AspNetCompiler.TargetPath = "PrecompiledWeb\localhost_64705\"
		Release.AspNetCompiler.Updateable = "true"
		Release.AspNetCompiler.ForceOverwrite = "true"
		Release.AspNetCompiler.FixedNames = "false"
		Release.AspNetCompiler.Debug = "False"
		SlnRelativePath = "ClaimsService\"
		DefaultWebSiteLanguage = "Visual C#"
	EndProjectSection
EndProject
Project("{E24C65DC-7377-472B-9ABA-BC803B73C61A}") = "ClaimsWebsite", "http://localhost:64706", "{C22191B4-BC02-4B76-93BB-EAB3788E59C6}"
	ProjectSection(WebsiteProperties) = preProject
		UseIISExpress = "true"
		TargetFrameworkMoniker = ".NETFramework,Version%3Dv4.5"
		Debug.AspNetCompiler.VirtualPath = "/localhost_64706"
		Debug.AspNetCompiler.PhysicalPath = "ClaimsWebsite\"
		Debug.AspNetCompiler.TargetPath = "PrecompiledWeb\localhost_64706\"
		Debug.AspNetCompiler.Updateable = "true"
		Debug.AspNetCompiler.ForceOverwrite = "true"
		Debug.AspNetCompiler.FixedNames = "false"
		Debug.AspNetCompiler.Debug = "True"
		Release.AspNetCompiler.VirtualPath = "/localhost_64706"
		Release.AspNetCompiler.PhysicalPath = "ClaimsWebsite\"
		Release.AspNetCompiler.TargetPath = "PrecompiledWeb\localhost_64706\"
		Release.AspNetCompiler.Updateable = "true"
		Release.AspNetCompiler.ForceOverwrite = "true"
		Release.AspNetCompiler.FixedNames = "false"
		Release.AspNetCompiler.Debug = "False"
		SlnRelativePath = "ClaimsWebsite\"
		DefaultWebSiteLanguage = "Visual C#"
	EndProjectSection
EndProject
Project("{E24C65DC-7377-472B-9ABA-BC803B73C61A}") = "StsService", "http://localhost:64707", "{5A57EB82-4D51-4FE5-882A-CEFB8B615F66}"
	ProjectSection(WebsiteProperties) = preProject
		UseIISExpress = "true"
		TargetFrameworkMoniker = ".NETFramework,Version%3Dv4.5"
		Debug.AspNetCompiler.VirtualPath = "/localhost_64707"
		Debug.AspNetCompiler.PhysicalPath = "StsService\"
		Debug.AspNetCompiler.TargetPath = "PrecompiledWeb\localhost_64707\"
		Debug.AspNetCompiler.Updateable = "true"
		Debug.AspNetCompiler.ForceOverwrite = "true"
		Debug.AspNetCompiler.FixedNames = "false"
		Debug.AspNetCompiler.Debug = "True"
		Release.AspNetCompiler.VirtualPath = "/localhost_64707"
		Release.AspNetCompiler.PhysicalPath = "StsService\"
		Release.AspNetCompiler.TargetPath = "PrecompiledWeb\localhost_64707\"
		Release.AspNetCompiler.Updateable = "true"
		Release.AspNetCompiler.ForceOverwrite = "true"
		Release.AspNetCompiler.FixedNames = "false"
		Release.AspNetCompiler.Debug = "False"
		SlnRelativePath = "StsService\"
		DefaultWebSiteLanguage = "Visual C#"
	EndProjectSection
EndProject
Project("{E24C65DC-7377-472B-9ABA-BC803B73C61A}") = "StsWebsite", "http://localhost:64708", "{3736E0FD-7223-4457-B6E3-4E785B600CB0}"
	ProjectSection(WebsiteProperties) = preProject
		UseIISExpress = "true"
		TargetFrameworkMoniker = ".NETFramework,Version%3Dv4.5"
		Debug.AspNetCompiler.VirtualPath = "/localhost_64708"
		Debug.AspNetCompiler.PhysicalPath = "StsWebsite\"
		Debug.AspNetCompiler.TargetPath = "PrecompiledWeb\localhost_64708\"
		Debug.AspNetCompiler.Updateable = "true"
		Debug.AspNetCompiler.ForceOverwrite = "true"
		Debug.AspNetCompiler.FixedNames = "false"
		Debug.AspNetCompiler.Debug = "True"
		Release.AspNetCompiler.VirtualPath = "/localhost_64708"
		Release.AspNetCompiler.PhysicalPath = "StsWebsite\"
		Release.AspNetCompiler.TargetPath = "PrecompiledWeb\localhost_64708\"
		Release.AspNetCompiler.Updateable = "true"
		Release.AspNetCompiler.ForceOverwrite = "true"
		Release.AspNetCompiler.FixedNames = "false"
		Release.AspNetCompiler.Debug = "False"
		SlnRelativePath = "StsWebsite\"
		DefaultWebSiteLanguage = "Visual C#"
	EndProjectSection
EndProject
Global
	GlobalSection(SolutionConfigurationPlatforms) = preSolution
		Debug|Any CPU = Debug|Any CPU
	EndGlobalSection
	GlobalSection(ProjectConfigurationPlatforms) = postSolution
		{570610A6-E50F-429F-A296-92358FA16DA0}.Debug|Any CPU.ActiveCfg = Debug|Any CPU
		{570610A6-E50F-429F-A296-92358FA16DA0}.Debug|Any CPU.Build.0 = Debug|Any CPU
		{C22191B4-BC02-4B76-93BB-EAB3788E59C6}.Debug|Any CPU.ActiveCfg = Debug|Any CPU
		{C22191B4-BC02-4B76-93BB-EAB3788E59C6}.Debug|Any CPU.Build.0 = Debug|Any CPU
		{5A57EB82-4D51-4FE5-882A-CEFB8B615F66}.Debug|Any CPU.ActiveCfg = Debug|Any CPU
		{5A57EB82-4D51-4FE5-882A-CEFB8B615F66}.Debug|Any CPU.Build.0 = Debug|Any CPU
		{3736E0FD-7223-4457-B6E3-4E785B600CB0}.Debug|Any CPU.ActiveCfg = Debug|Any CPU
		{3736E0FD-7223-4457-B6E3-4E785B600CB0}.Debug|Any CPU.Build.0 = Debug|Any CPU
	EndGlobalSection
	GlobalSection(SolutionProperties) = preSolution
		HideSolutionNode = FALSE
	EndGlobalSection
EndGlobal
